// !$*UTF8*$!
{
	archiveVersion = 1;
	classes = {
	};
	objectVersion = 51;
	objects = {

/* Begin PBXBuildFile section */
		2A5FA0C6F762DFA4C500F64B /* Pods_ParseChat.framework in Frameworks */ = {isa = PBXBuildFile; fileRef = 988A8260196F4069F6BB99BB /* Pods_ParseChat.framework */; };
		2D6AA3C9900C220532C65741 /* Pods_ParseChatTests.framework in Frameworks */ = {isa = PBXBuildFile; fileRef = 0259A640CC5F99A683720927 /* Pods_ParseChatTests.framework */; };
		F9EA3A9C22D659B400C8C884 /* AppDelegate.m in Sources */ = {isa = PBXBuildFile; fileRef = F9EA3A9B22D659B400C8C884 /* AppDelegate.m */; };
		F9EA3AA222D659B400C8C884 /* Main.storyboard in Resources */ = {isa = PBXBuildFile; fileRef = F9EA3AA022D659B400C8C884 /* Main.storyboard */; };
		F9EA3AA422D659B500C8C884 /* Assets.xcassets in Resources */ = {isa = PBXBuildFile; fileRef = F9EA3AA322D659B500C8C884 /* Assets.xcassets */; };
		F9EA3AA722D659B500C8C884 /* LaunchScreen.storyboard in Resources */ = {isa = PBXBuildFile; fileRef = F9EA3AA522D659B500C8C884 /* LaunchScreen.storyboard */; };
		F9EA3AAA22D659B500C8C884 /* main.m in Sources */ = {isa = PBXBuildFile; fileRef = F9EA3AA922D659B500C8C884 /* main.m */; };
		F9EA3AB422D659B500C8C884 /* ParseChatTests.m in Sources */ = {isa = PBXBuildFile; fileRef = F9EA3AB322D659B500C8C884 /* ParseChatTests.m */; };
		F9EA3ABF22D659B500C8C884 /* ParseChatUITests.m in Sources */ = {isa = PBXBuildFile; fileRef = F9EA3ABE22D659B500C8C884 /* ParseChatUITests.m */; };
		F9EA3ACF22D65BFB00C8C884 /* LoginViewController.m in Sources */ = {isa = PBXBuildFile; fileRef = F9EA3ACE22D65BFB00C8C884 /* LoginViewController.m */; };
		F9EA3AD222D6623B00C8C884 /* ChatViewController.m in Sources */ = {isa = PBXBuildFile; fileRef = F9EA3AD122D6623B00C8C884 /* ChatViewController.m */; };
		F9EA3AD822D6683F00C8C884 /* ChatCell.m in Sources */ = {isa = PBXBuildFile; fileRef = F9EA3AD722D6683F00C8C884 /* ChatCell.m */; };
		FE9A4E7F5B33DE973453C6A4 /* Pods_ParseChatUITests.framework in Frameworks */ = {isa = PBXBuildFile; fileRef = 3FD8BC244C848A75542F1286 /* Pods_ParseChatUITests.framework */; };
/* End PBXBuildFile section */

/* Begin PBXContainerItemProxy section */
		F9EA3AB022D659B500C8C884 /* PBXContainerItemProxy */ = {
			isa = PBXContainerItemProxy;
			containerPortal = F9EA3A8F22D659B400C8C884 /* Project object */;
			proxyType = 1;
			remoteGlobalIDString = F9EA3A9622D659B400C8C884;
			remoteInfo = ParseChat;
		};
		F9EA3ABB22D659B500C8C884 /* PBXContainerItemProxy */ = {
			isa = PBXContainerItemProxy;
			containerPortal = F9EA3A8F22D659B400C8C884 /* Project object */;
			proxyType = 1;
			remoteGlobalIDString = F9EA3A9622D659B400C8C884;
			remoteInfo = ParseChat;
		};
/* End PBXContainerItemProxy section */

/* Begin PBXFileReference section */
		0259A640CC5F99A683720927 /* Pods_ParseChatTests.framework */ = {isa = PBXFileReference; explicitFileType = wrapper.framework; includeInIndex = 0; path = Pods_ParseChatTests.framework; sourceTree = BUILT_PRODUCTS_DIR; };
		16049613979D942817B7F555 /* Pods-ParseChat.release.xcconfig */ = {isa = PBXFileReference; includeInIndex = 1; lastKnownFileType = text.xcconfig; name = "Pods-ParseChat.release.xcconfig"; path = "Target Support Files/Pods-ParseChat/Pods-ParseChat.release.xcconfig"; sourceTree = "<group>"; };
		3FD8BC244C848A75542F1286 /* Pods_ParseChatUITests.framework */ = {isa = PBXFileReference; explicitFileType = wrapper.framework; includeInIndex = 0; path = Pods_ParseChatUITests.framework; sourceTree = BUILT_PRODUCTS_DIR; };
		57939BADB1691270DDBEAF3A /* Pods-ParseChatUITests.debug.xcconfig */ = {isa = PBXFileReference; includeInIndex = 1; lastKnownFileType = text.xcconfig; name = "Pods-ParseChatUITests.debug.xcconfig"; path = "Target Support Files/Pods-ParseChatUITests/Pods-ParseChatUITests.debug.xcconfig"; sourceTree = "<group>"; };
		60C00C55736C99B72CC7F439 /* Pods-ParseChat.debug.xcconfig */ = {isa = PBXFileReference; includeInIndex = 1; lastKnownFileType = text.xcconfig; name = "Pods-ParseChat.debug.xcconfig"; path = "Target Support Files/Pods-ParseChat/Pods-ParseChat.debug.xcconfig"; sourceTree = "<group>"; };
		7D0F09AA6AA6B59C4014B859 /* Pods-ParseChatTests.release.xcconfig */ = {isa = PBXFileReference; includeInIndex = 1; lastKnownFileType = text.xcconfig; name = "Pods-ParseChatTests.release.xcconfig"; path = "Target Support Files/Pods-ParseChatTests/Pods-ParseChatTests.release.xcconfig"; sourceTree = "<group>"; };
		847BA9400F731A328B311396 /* Pods-ParseChatTests.debug.xcconfig */ = {isa = PBXFileReference; includeInIndex = 1; lastKnownFileType = text.xcconfig; name = "Pods-ParseChatTests.debug.xcconfig"; path = "Target Support Files/Pods-ParseChatTests/Pods-ParseChatTests.debug.xcconfig"; sourceTree = "<group>"; };
		95678611E950A2D76ACA3A51 /* Pods-ParseChatUITests.release.xcconfig */ = {isa = PBXFileReference; includeInIndex = 1; lastKnownFileType = text.xcconfig; name = "Pods-ParseChatUITests.release.xcconfig"; path = "Target Support Files/Pods-ParseChatUITests/Pods-ParseChatUITests.release.xcconfig"; sourceTree = "<group>"; };
		988A8260196F4069F6BB99BB /* Pods_ParseChat.framework */ = {isa = PBXFileReference; explicitFileType = wrapper.framework; includeInIndex = 0; path = Pods_ParseChat.framework; sourceTree = BUILT_PRODUCTS_DIR; };
		F9EA3A9722D659B400C8C884 /* ParseChat.app */ = {isa = PBXFileReference; explicitFileType = wrapper.application; includeInIndex = 0; path = ParseChat.app; sourceTree = BUILT_PRODUCTS_DIR; };
		F9EA3A9A22D659B400C8C884 /* AppDelegate.h */ = {isa = PBXFileReference; lastKnownFileType = sourcecode.c.h; path = AppDelegate.h; sourceTree = "<group>"; };
		F9EA3A9B22D659B400C8C884 /* AppDelegate.m */ = {isa = PBXFileReference; lastKnownFileType = sourcecode.c.objc; path = AppDelegate.m; sourceTree = "<group>"; };
		F9EA3AA122D659B400C8C884 /* Base */ = {isa = PBXFileReference; lastKnownFileType = file.storyboard; name = Base; path = Base.lproj/Main.storyboard; sourceTree = "<group>"; };
		F9EA3AA322D659B500C8C884 /* Assets.xcassets */ = {isa = PBXFileReference; lastKnownFileType = folder.assetcatalog; path = Assets.xcassets; sourceTree = "<group>"; };
		F9EA3AA622D659B500C8C884 /* Base */ = {isa = PBXFileReference; lastKnownFileType = file.storyboard; name = Base; path = Base.lproj/LaunchScreen.storyboard; sourceTree = "<group>"; };
		F9EA3AA822D659B500C8C884 /* Info.plist */ = {isa = PBXFileReference; lastKnownFileType = text.plist.xml; path = Info.plist; sourceTree = "<group>"; };
		F9EA3AA922D659B500C8C884 /* main.m */ = {isa = PBXFileReference; lastKnownFileType = sourcecode.c.objc; path = main.m; sourceTree = "<group>"; };
		F9EA3AAF22D659B500C8C884 /* ParseChatTests.xctest */ = {isa = PBXFileReference; explicitFileType = wrapper.cfbundle; includeInIndex = 0; path = ParseChatTests.xctest; sourceTree = BUILT_PRODUCTS_DIR; };
		F9EA3AB322D659B500C8C884 /* ParseChatTests.m */ = {isa = PBXFileReference; lastKnownFileType = sourcecode.c.objc; path = ParseChatTests.m; sourceTree = "<group>"; };
		F9EA3AB522D659B500C8C884 /* Info.plist */ = {isa = PBXFileReference; lastKnownFileType = text.plist.xml; path = Info.plist; sourceTree = "<group>"; };
		F9EA3ABA22D659B500C8C884 /* ParseChatUITests.xctest */ = {isa = PBXFileReference; explicitFileType = wrapper.cfbundle; includeInIndex = 0; path = ParseChatUITests.xctest; sourceTree = BUILT_PRODUCTS_DIR; };
		F9EA3ABE22D659B500C8C884 /* ParseChatUITests.m */ = {isa = PBXFileReference; lastKnownFileType = sourcecode.c.objc; path = ParseChatUITests.m; sourceTree = "<group>"; };
		F9EA3AC022D659B500C8C884 /* Info.plist */ = {isa = PBXFileReference; lastKnownFileType = text.plist.xml; path = Info.plist; sourceTree = "<group>"; };
		F9EA3ACD22D65BFB00C8C884 /* LoginViewController.h */ = {isa = PBXFileReference; lastKnownFileType = sourcecode.c.h; path = LoginViewController.h; sourceTree = "<group>"; };
		F9EA3ACE22D65BFB00C8C884 /* LoginViewController.m */ = {isa = PBXFileReference; lastKnownFileType = sourcecode.c.objc; path = LoginViewController.m; sourceTree = "<group>"; };
		F9EA3AD022D6623B00C8C884 /* ChatViewController.h */ = {isa = PBXFileReference; lastKnownFileType = sourcecode.c.h; path = ChatViewController.h; sourceTree = "<group>"; };
		F9EA3AD122D6623B00C8C884 /* ChatViewController.m */ = {isa = PBXFileReference; lastKnownFileType = sourcecode.c.objc; path = ChatViewController.m; sourceTree = "<group>"; };
		F9EA3AD622D6683F00C8C884 /* ChatCell.h */ = {isa = PBXFileReference; lastKnownFileType = sourcecode.c.h; path = ChatCell.h; sourceTree = "<group>"; };
		F9EA3AD722D6683F00C8C884 /* ChatCell.m */ = {isa = PBXFileReference; lastKnownFileType = sourcecode.c.objc; path = ChatCell.m; sourceTree = "<group>"; };
/* End PBXFileReference section */

/* Begin PBXFrameworksBuildPhase section */
		F9EA3A9422D659B400C8C884 /* Frameworks */ = {
			isa = PBXFrameworksBuildPhase;
			buildActionMask = 2147483647;
			files = (
				2A5FA0C6F762DFA4C500F64B /* Pods_ParseChat.framework in Frameworks */,
			);
			runOnlyForDeploymentPostprocessing = 0;
		};
		F9EA3AAC22D659B500C8C884 /* Frameworks */ = {
			isa = PBXFrameworksBuildPhase;
			buildActionMask = 2147483647;
			files = (
				2D6AA3C9900C220532C65741 /* Pods_ParseChatTests.framework in Frameworks */,
			);
			runOnlyForDeploymentPostprocessing = 0;
		};
		F9EA3AB722D659B500C8C884 /* Frameworks */ = {
			isa = PBXFrameworksBuildPhase;
			buildActionMask = 2147483647;
			files = (
				FE9A4E7F5B33DE973453C6A4 /* Pods_ParseChatUITests.framework in Frameworks */,
			);
			runOnlyForDeploymentPostprocessing = 0;
		};
/* End PBXFrameworksBuildPhase section */

/* Begin PBXGroup section */
		5A34E85CC3CECFB159CEFDC8 /* Frameworks */ = {
			isa = PBXGroup;
			children = (
				988A8260196F4069F6BB99BB /* Pods_ParseChat.framework */,
				0259A640CC5F99A683720927 /* Pods_ParseChatTests.framework */,
				3FD8BC244C848A75542F1286 /* Pods_ParseChatUITests.framework */,
			);
			name = Frameworks;
			sourceTree = "<group>";
		};
		A49518CAE63B7DD267C31506 /* Pods */ = {
			isa = PBXGroup;
			children = (
				60C00C55736C99B72CC7F439 /* Pods-ParseChat.debug.xcconfig */,
				16049613979D942817B7F555 /* Pods-ParseChat.release.xcconfig */,
				847BA9400F731A328B311396 /* Pods-ParseChatTests.debug.xcconfig */,
				7D0F09AA6AA6B59C4014B859 /* Pods-ParseChatTests.release.xcconfig */,
				57939BADB1691270DDBEAF3A /* Pods-ParseChatUITests.debug.xcconfig */,
				95678611E950A2D76ACA3A51 /* Pods-ParseChatUITests.release.xcconfig */,
			);
			path = Pods;
			sourceTree = "<group>";
		};
		F9EA3A8E22D659B400C8C884 = {
			isa = PBXGroup;
			children = (
				F9EA3A9922D659B400C8C884 /* ParseChat */,
				F9EA3AB222D659B500C8C884 /* ParseChatTests */,
				F9EA3ABD22D659B500C8C884 /* ParseChatUITests */,
				F9EA3A9822D659B400C8C884 /* Products */,
				A49518CAE63B7DD267C31506 /* Pods */,
				5A34E85CC3CECFB159CEFDC8 /* Frameworks */,
			);
			sourceTree = "<group>";
		};
		F9EA3A9822D659B400C8C884 /* Products */ = {
			isa = PBXGroup;
			children = (
				F9EA3A9722D659B400C8C884 /* ParseChat.app */,
				F9EA3AAF22D659B500C8C884 /* ParseChatTests.xctest */,
				F9EA3ABA22D659B500C8C884 /* ParseChatUITests.xctest */,
			);
			name = Products;
			sourceTree = "<group>";
		};
		F9EA3A9922D659B400C8C884 /* ParseChat */ = {
			isa = PBXGroup;
			children = (
				F9EA3AD522D6681B00C8C884 /* Views */,
				F9EA3ACC22D65BED00C8C884 /* ViewControllers */,
				F9EA3A9A22D659B400C8C884 /* AppDelegate.h */,
				F9EA3A9B22D659B400C8C884 /* AppDelegate.m */,
				F9EA3AA022D659B400C8C884 /* Main.storyboard */,
				F9EA3AA322D659B500C8C884 /* Assets.xcassets */,
				F9EA3AA522D659B500C8C884 /* LaunchScreen.storyboard */,
				F9EA3AA822D659B500C8C884 /* Info.plist */,
				F9EA3AA922D659B500C8C884 /* main.m */,
			);
			path = ParseChat;
			sourceTree = "<group>";
		};
		F9EA3AB222D659B500C8C884 /* ParseChatTests */ = {
			isa = PBXGroup;
			children = (
				F9EA3AB322D659B500C8C884 /* ParseChatTests.m */,
				F9EA3AB522D659B500C8C884 /* Info.plist */,
			);
			path = ParseChatTests;
			sourceTree = "<group>";
		};
		F9EA3ABD22D659B500C8C884 /* ParseChatUITests */ = {
			isa = PBXGroup;
			children = (
				F9EA3ABE22D659B500C8C884 /* ParseChatUITests.m */,
				F9EA3AC022D659B500C8C884 /* Info.plist */,
			);
			path = ParseChatUITests;
			sourceTree = "<group>";
		};
		F9EA3ACC22D65BED00C8C884 /* ViewControllers */ = {
			isa = PBXGroup;
			children = (
				F9EA3ACD22D65BFB00C8C884 /* LoginViewController.h */,
				F9EA3ACE22D65BFB00C8C884 /* LoginViewController.m */,
				F9EA3AD022D6623B00C8C884 /* ChatViewController.h */,
				F9EA3AD122D6623B00C8C884 /* ChatViewController.m */,
			);
			path = ViewControllers;
			sourceTree = "<group>";
		};
		F9EA3AD522D6681B00C8C884 /* Views */ = {
			isa = PBXGroup;
			children = (
				F9EA3AD622D6683F00C8C884 /* ChatCell.h */,
				F9EA3AD722D6683F00C8C884 /* ChatCell.m */,
			);
			path = Views;
			sourceTree = "<group>";
		};
/* End PBXGroup section */

/* Begin PBXNativeTarget section */
		F9EA3A9622D659B400C8C884 /* ParseChat */ = {
			isa = PBXNativeTarget;
			buildConfigurationList = F9EA3AC322D659B500C8C884 /* Build configuration list for PBXNativeTarget "ParseChat" */;
			buildPhases = (
				7F25EA6C7BE3E6F96FDDF2B3 /* [CP] Check Pods Manifest.lock */,
				F9EA3A9322D659B400C8C884 /* Sources */,
				F9EA3A9422D659B400C8C884 /* Frameworks */,
				F9EA3A9522D659B400C8C884 /* Resources */,
				8ACF1485377B8AD772F813C7 /* [CP] Embed Pods Frameworks */,
			);
			buildRules = (
			);
			dependencies = (
			);
			name = ParseChat;
			productName = ParseChat;
			productReference = F9EA3A9722D659B400C8C884 /* ParseChat.app */;
			productType = "com.apple.product-type.application";
		};
		F9EA3AAE22D659B500C8C884 /* ParseChatTests */ = {
			isa = PBXNativeTarget;
			buildConfigurationList = F9EA3AC622D659B500C8C884 /* Build configuration list for PBXNativeTarget "ParseChatTests" */;
			buildPhases = (
				AFFDF5840C4B55874CBA29C2 /* [CP] Check Pods Manifest.lock */,
				F9EA3AAB22D659B500C8C884 /* Sources */,
				F9EA3AAC22D659B500C8C884 /* Frameworks */,
				F9EA3AAD22D659B500C8C884 /* Resources */,
			);
			buildRules = (
			);
			dependencies = (
				F9EA3AB122D659B500C8C884 /* PBXTargetDependency */,
			);
			name = ParseChatTests;
			productName = ParseChatTests;
			productReference = F9EA3AAF22D659B500C8C884 /* ParseChatTests.xctest */;
			productType = "com.apple.product-type.bundle.unit-test";
		};
		F9EA3AB922D659B500C8C884 /* ParseChatUITests */ = {
			isa = PBXNativeTarget;
			buildConfigurationList = F9EA3AC922D659B500C8C884 /* Build configuration list for PBXNativeTarget "ParseChatUITests" */;
			buildPhases = (
				3FCEE67F73FC818AE2470895 /* [CP] Check Pods Manifest.lock */,
				F9EA3AB622D659B500C8C884 /* Sources */,
				F9EA3AB722D659B500C8C884 /* Frameworks */,
				F9EA3AB822D659B500C8C884 /* Resources */,
			);
			buildRules = (
			);
			dependencies = (
				F9EA3ABC22D659B500C8C884 /* PBXTargetDependency */,
			);
			name = ParseChatUITests;
			productName = ParseChatUITests;
			productReference = F9EA3ABA22D659B500C8C884 /* ParseChatUITests.xctest */;
			productType = "com.apple.product-type.bundle.ui-testing";
		};
/* End PBXNativeTarget section */

/* Begin PBXProject section */
		F9EA3A8F22D659B400C8C884 /* Project object */ = {
			isa = PBXProject;
			attributes = {
				LastUpgradeCheck = 1020;
				ORGANIZATIONNAME = kchan23;
				TargetAttributes = {
					F9EA3A9622D659B400C8C884 = {
						CreatedOnToolsVersion = 10.2.1;
					};
					F9EA3AAE22D659B500C8C884 = {
						CreatedOnToolsVersion = 10.2.1;
						TestTargetID = F9EA3A9622D659B400C8C884;
					};
					F9EA3AB922D659B500C8C884 = {
						CreatedOnToolsVersion = 10.2.1;
						TestTargetID = F9EA3A9622D659B400C8C884;
					};
				};
			};
			buildConfigurationList = F9EA3A9222D659B400C8C884 /* Build configuration list for PBXProject "ParseChat" */;
			compatibilityVersion = "Xcode 9.3";
			developmentRegion = en;
			hasScannedForEncodings = 0;
			knownRegions = (
				en,
				Base,
			);
			mainGroup = F9EA3A8E22D659B400C8C884;
			productRefGroup = F9EA3A9822D659B400C8C884 /* Products */;
			projectDirPath = "";
			projectRoot = "";
			targets = (
				F9EA3A9622D659B400C8C884 /* ParseChat */,
				F9EA3AAE22D659B500C8C884 /* ParseChatTests */,
				F9EA3AB922D659B500C8C884 /* ParseChatUITests */,
			);
		};
/* End PBXProject section */

/* Begin PBXResourcesBuildPhase section */
		F9EA3A9522D659B400C8C884 /* Resources */ = {
			isa = PBXResourcesBuildPhase;
			buildActionMask = 2147483647;
			files = (
				F9EA3AA722D659B500C8C884 /* LaunchScreen.storyboard in Resources */,
				F9EA3AA422D659B500C8C884 /* Assets.xcassets in Resources */,
				F9EA3AA222D659B400C8C884 /* Main.storyboard in Resources */,
			);
			runOnlyForDeploymentPostprocessing = 0;
		};
		F9EA3AAD22D659B500C8C884 /* Resources */ = {
			isa = PBXResourcesBuildPhase;
			buildActionMask = 2147483647;
			files = (
			);
			runOnlyForDeploymentPostprocessing = 0;
		};
		F9EA3AB822D659B500C8C884 /* Resources */ = {
			isa = PBXResourcesBuildPhase;
			buildActionMask = 2147483647;
			files = (
			);
			runOnlyForDeploymentPostprocessing = 0;
		};
/* End PBXResourcesBuildPhase section */

/* Begin PBXShellScriptBuildPhase section */
		3FCEE67F73FC818AE2470895 /* [CP] Check Pods Manifest.lock */ = {
			isa = PBXShellScriptBuildPhase;
			buildActionMask = 2147483647;
			files = (
			);
			inputFileListPaths = (
			);
			inputPaths = (
				"${PODS_PODFILE_DIR_PATH}/Podfile.lock",
				"${PODS_ROOT}/Manifest.lock",
			);
			name = "[CP] Check Pods Manifest.lock";
			outputFileListPaths = (
			);
			outputPaths = (
				"$(DERIVED_FILE_DIR)/Pods-ParseChatUITests-checkManifestLockResult.txt",
			);
			runOnlyForDeploymentPostprocessing = 0;
			shellPath = /bin/sh;
			shellScript = "diff \"${PODS_PODFILE_DIR_PATH}/Podfile.lock\" \"${PODS_ROOT}/Manifest.lock\" > /dev/null\nif [ $? != 0 ] ; then\n    # print error to STDERR\n    echo \"error: The sandbox is not in sync with the Podfile.lock. Run 'pod install' or update your CocoaPods installation.\" >&2\n    exit 1\nfi\n# This output is used by Xcode 'outputs' to avoid re-running this script phase.\necho \"SUCCESS\" > \"${SCRIPT_OUTPUT_FILE_0}\"\n";
			showEnvVarsInLog = 0;
		};
		7F25EA6C7BE3E6F96FDDF2B3 /* [CP] Check Pods Manifest.lock */ = {
			isa = PBXShellScriptBuildPhase;
			buildActionMask = 2147483647;
			files = (
			);
			inputFileListPaths = (
			);
			inputPaths = (
				"${PODS_PODFILE_DIR_PATH}/Podfile.lock",
				"${PODS_ROOT}/Manifest.lock",
			);
			name = "[CP] Check Pods Manifest.lock";
			outputFileListPaths = (
			);
			outputPaths = (
				"$(DERIVED_FILE_DIR)/Pods-ParseChat-checkManifestLockResult.txt",
			);
			runOnlyForDeploymentPostprocessing = 0;
			shellPath = /bin/sh;
			shellScript = "diff \"${PODS_PODFILE_DIR_PATH}/Podfile.lock\" \"${PODS_ROOT}/Manifest.lock\" > /dev/null\nif [ $? != 0 ] ; then\n    # print error to STDERR\n    echo \"error: The sandbox is not in sync with the Podfile.lock. Run 'pod install' or update your CocoaPods installation.\" >&2\n    exit 1\nfi\n# This output is used by Xcode 'outputs' to avoid re-running this script phase.\necho \"SUCCESS\" > \"${SCRIPT_OUTPUT_FILE_0}\"\n";
			showEnvVarsInLog = 0;
		};
		8ACF1485377B8AD772F813C7 /* [CP] Embed Pods Frameworks */ = {
			isa = PBXShellScriptBuildPhase;
			buildActionMask = 2147483647;
			files = (
			);
			inputFileListPaths = (
				"${PODS_ROOT}/Target Support Files/Pods-ParseChat/Pods-ParseChat-frameworks-${CONFIGURATION}-input-files.xcfilelist",
			);
			name = "[CP] Embed Pods Frameworks";
			outputFileListPaths = (
				"${PODS_ROOT}/Target Support Files/Pods-ParseChat/Pods-ParseChat-frameworks-${CONFIGURATION}-output-files.xcfilelist",
			);
			runOnlyForDeploymentPostprocessing = 0;
			shellPath = /bin/sh;
			shellScript = "\"${PODS_ROOT}/Target Support Files/Pods-ParseChat/Pods-ParseChat-frameworks.sh\"\n";
			showEnvVarsInLog = 0;
		};
		AFFDF5840C4B55874CBA29C2 /* [CP] Check Pods Manifest.lock */ = {
			isa = PBXShellScriptBuildPhase;
			buildActionMask = 2147483647;
			files = (
			);
			inputFileListPaths = (
			);
			inputPaths = (
				"${PODS_PODFILE_DIR_PATH}/Podfile.lock",
				"${PODS_ROOT}/Manifest.lock",
			);
			name = "[CP] Check Pods Manifest.lock";
			outputFileListPaths = (
			);
			outputPaths = (
				"$(DERIVED_FILE_DIR)/Pods-ParseChatTests-checkManifestLockResult.txt",
			);
			runOnlyForDeploymentPostprocessing = 0;
			shellPath = /bin/sh;
			shellScript = "diff \"${PODS_PODFILE_DIR_PATH}/Podfile.lock\" \"${PODS_ROOT}/Manifest.lock\" > /dev/null\nif [ $? != 0 ] ; then\n    # print error to STDERR\n    echo \"error: The sandbox is not in sync with the Podfile.lock. Run 'pod install' or update your CocoaPods installation.\" >&2\n    exit 1\nfi\n# This output is used by Xcode 'outputs' to avoid re-running this script phase.\necho \"SUCCESS\" > \"${SCRIPT_OUTPUT_FILE_0}\"\n";
			showEnvVarsInLog = 0;
		};
/* End PBXShellScriptBuildPhase section */

/* Begin PBXSourcesBuildPhase section */
		F9EA3A9322D659B400C8C884 /* Sources */ = {
			isa = PBXSourcesBuildPhase;
			buildActionMask = 2147483647;
			files = (
				F9EA3AAA22D659B500C8C884 /* main.m in Sources */,
				F9EA3A9C22D659B400C8C884 /* AppDelegate.m in Sources */,
				F9EA3AD222D6623B00C8C884 /* ChatViewController.m in Sources */,
				F9EA3AD822D6683F00C8C884 /* ChatCell.m in Sources */,
				F9EA3ACF22D65BFB00C8C884 /* LoginViewController.m in Sources */,
			);
			runOnlyForDeploymentPostprocessing = 0;
		};
		F9EA3AAB22D659B500C8C884 /* Sources */ = {
			isa = PBXSourcesBuildPhase;
			buildActionMask = 2147483647;
			files = (
				F9EA3AB422D659B500C8C884 /* ParseChatTests.m in Sources */,
			);
			runOnlyForDeploymentPostprocessing = 0;
		};
		F9EA3AB622D659B500C8C884 /* Sources */ = {
			isa = PBXSourcesBuildPhase;
			buildActionMask = 2147483647;
			files = (
				F9EA3ABF22D659B500C8C884 /* ParseChatUITests.m in Sources */,
			);
			runOnlyForDeploymentPostprocessing = 0;
		};
/* End PBXSourcesBuildPhase section */

/* Begin PBXTargetDependency section */
		F9EA3AB122D659B500C8C884 /* PBXTargetDependency */ = {
			isa = PBXTargetDependency;
			target = F9EA3A9622D659B400C8C884 /* ParseChat */;
			targetProxy = F9EA3AB022D659B500C8C884 /* PBXContainerItemProxy */;
		};
		F9EA3ABC22D659B500C8C884 /* PBXTargetDependency */ = {
			isa = PBXTargetDependency;
			target = F9EA3A9622D659B400C8C884 /* ParseChat */;
			targetProxy = F9EA3ABB22D659B500C8C884 /* PBXContainerItemProxy */;
		};
/* End PBXTargetDependency section */

/* Begin PBXVariantGroup section */
		F9EA3AA022D659B400C8C884 /* Main.storyboard */ = {
			isa = PBXVariantGroup;
			children = (
				F9EA3AA122D659B400C8C884 /* Base */,
			);
			name = Main.storyboard;
			sourceTree = "<group>";
		};
		F9EA3AA522D659B500C8C884 /* LaunchScreen.storyboard */ = {
			isa = PBXVariantGroup;
			children = (
				F9EA3AA622D659B500C8C884 /* Base */,
			);
			name = LaunchScreen.storyboard;
			sourceTree = "<group>";
		};
/* End PBXVariantGroup section */

/* Begin XCBuildConfiguration section */
		F9EA3AC122D659B500C8C884 /* Debug */ = {
			isa = XCBuildConfiguration;
			buildSettings = {
				ALWAYS_SEARCH_USER_PATHS = NO;
				CLANG_ANALYZER_NONNULL = YES;
				CLANG_ANALYZER_NUMBER_OBJECT_CONVERSION = YES_AGGRESSIVE;
				CLANG_CXX_LANGUAGE_STANDARD = "gnu++14";
				CLANG_CXX_LIBRARY = "libc++";
				CLANG_ENABLE_MODULES = YES;
				CLANG_ENABLE_OBJC_ARC = YES;
				CLANG_ENABLE_OBJC_WEAK = YES;
				CLANG_WARN_BLOCK_CAPTURE_AUTORELEASING = YES;
				CLANG_WARN_BOOL_CONVERSION = YES;
				CLANG_WARN_COMMA = YES;
				CLANG_WARN_CONSTANT_CONVERSION = YES;
				CLANG_WARN_DEPRECATED_OBJC_IMPLEMENTATIONS = YES;
				CLANG_WARN_DIRECT_OBJC_ISA_USAGE = YES_ERROR;
				CLANG_WARN_DOCUMENTATION_COMMENTS = YES;
				CLANG_WARN_EMPTY_BODY = YES;
				CLANG_WARN_ENUM_CONVERSION = YES;
				CLANG_WARN_INFINITE_RECURSION = YES;
				CLANG_WARN_INT_CONVERSION = YES;
				CLANG_WARN_NON_LITERAL_NULL_CONVERSION = YES;
				CLANG_WARN_OBJC_IMPLICIT_RETAIN_SELF = YES;
				CLANG_WARN_OBJC_LITERAL_CONVERSION = YES;
				CLANG_WARN_OBJC_ROOT_CLASS = YES_ERROR;
				CLANG_WARN_RANGE_LOOP_ANALYSIS = YES;
				CLANG_WARN_STRICT_PROTOTYPES = YES;
				CLANG_WARN_SUSPICIOUS_MOVE = YES;
				CLANG_WARN_UNGUARDED_AVAILABILITY = YES_AGGRESSIVE;
				CLANG_WARN_UNREACHABLE_CODE = YES;
				CLANG_WARN__DUPLICATE_METHOD_MATCH = YES;
				CODE_SIGN_IDENTITY = "iPhone Developer";
				COPY_PHASE_STRIP = NO;
				DEBUG_INFORMATION_FORMAT = dwarf;
				ENABLE_STRICT_OBJC_MSGSEND = YES;
				ENABLE_TESTABILITY = YES;
				GCC_C_LANGUAGE_STANDARD = gnu11;
				GCC_DYNAMIC_NO_PIC = NO;
				GCC_NO_COMMON_BLOCKS = YES;
				GCC_OPTIMIZATION_LEVEL = 0;
				GCC_PREPROCESSOR_DEFINITIONS = (
					"DEBUG=1",
					"$(inherited)",
				);
				GCC_WARN_64_TO_32_BIT_CONVERSION = YES;
				GCC_WARN_ABOUT_RETURN_TYPE = YES_ERROR;
				GCC_WARN_UNDECLARED_SELECTOR = YES;
				GCC_WARN_UNINITIALIZED_AUTOS = YES_AGGRESSIVE;
				GCC_WARN_UNUSED_FUNCTION = YES;
				GCC_WARN_UNUSED_VARIABLE = YES;
				IPHONEOS_DEPLOYMENT_TARGET = 12.2;
				MTL_ENABLE_DEBUG_INFO = INCLUDE_SOURCE;
				MTL_FAST_MATH = YES;
				ONLY_ACTIVE_ARCH = YES;
				SDKROOT = iphoneos;
			};
			name = Debug;
		};
		F9EA3AC222D659B500C8C884 /* Release */ = {
			isa = XCBuildConfiguration;
			buildSettings = {
				ALWAYS_SEARCH_USER_PATHS = NO;
				CLANG_ANALYZER_NONNULL = YES;
				CLANG_ANALYZER_NUMBER_OBJECT_CONVERSION = YES_AGGRESSIVE;
				CLANG_CXX_LANGUAGE_STANDARD = "gnu++14";
				CLANG_CXX_LIBRARY = "libc++";
				CLANG_ENABLE_MODULES = YES;
				CLANG_ENABLE_OBJC_ARC = YES;
				CLANG_ENABLE_OBJC_WEAK = YES;
				CLANG_WARN_BLOCK_CAPTURE_AUTORELEASING = YES;
				CLANG_WARN_BOOL_CONVERSION = YES;
				CLANG_WARN_COMMA = YES;
				CLANG_WARN_CONSTANT_CONVERSION = YES;
				CLANG_WARN_DEPRECATED_OBJC_IMPLEMENTATIONS = YES;
				CLANG_WARN_DIRECT_OBJC_ISA_USAGE = YES_ERROR;
				CLANG_WARN_DOCUMENTATION_COMMENTS = YES;
				CLANG_WARN_EMPTY_BODY = YES;
				CLANG_WARN_ENUM_CONVERSION = YES;
				CLANG_WARN_INFINITE_RECURSION = YES;
				CLANG_WARN_INT_CONVERSION = YES;
				CLANG_WARN_NON_LITERAL_NULL_CONVERSION = YES;
				CLANG_WARN_OBJC_IMPLICIT_RETAIN_SELF = YES;
				CLANG_WARN_OBJC_LITERAL_CONVERSION = YES;
				CLANG_WARN_OBJC_ROOT_CLASS = YES_ERROR;
				CLANG_WARN_RANGE_LOOP_ANALYSIS = YES;
				CLANG_WARN_STRICT_PROTOTYPES = YES;
				CLANG_WARN_SUSPICIOUS_MOVE = YES;
				CLANG_WARN_UNGUARDED_AVAILABILITY = YES_AGGRESSIVE;
				CLANG_WARN_UNREACHABLE_CODE = YES;
				CLANG_WARN__DUPLICATE_METHOD_MATCH = YES;
				CODE_SIGN_IDENTITY = "iPhone Developer";
				COPY_PHASE_STRIP = NO;
				DEBUG_INFORMATION_FORMAT = "dwarf-with-dsym";
				ENABLE_NS_ASSERTIONS = NO;
				ENABLE_STRICT_OBJC_MSGSEND = YES;
				GCC_C_LANGUAGE_STANDARD = gnu11;
				GCC_NO_COMMON_BLOCKS = YES;
				GCC_WARN_64_TO_32_BIT_CONVERSION = YES;
				GCC_WARN_ABOUT_RETURN_TYPE = YES_ERROR;
				GCC_WARN_UNDECLARED_SELECTOR = YES;
				GCC_WARN_UNINITIALIZED_AUTOS = YES_AGGRESSIVE;
				GCC_WARN_UNUSED_FUNCTION = YES;
				GCC_WARN_UNUSED_VARIABLE = YES;
				IPHONEOS_DEPLOYMENT_TARGET = 12.2;
				MTL_ENABLE_DEBUG_INFO = NO;
				MTL_FAST_MATH = YES;
				SDKROOT = iphoneos;
				VALIDATE_PRODUCT = YES;
			};
			name = Release;
		};
		F9EA3AC422D659B500C8C884 /* Debug */ = {
			isa = XCBuildConfiguration;
			baseConfigurationReference = 60C00C55736C99B72CC7F439 /* Pods-ParseChat.debug.xcconfig */;
			buildSettings = {
				ASSETCATALOG_COMPILER_APPICON_NAME = AppIcon;
				CODE_SIGN_STYLE = Automatic;
				DEVELOPMENT_TEAM = 4XDFC548L2;
				INFOPLIST_FILE = ParseChat/Info.plist;
				LD_RUNPATH_SEARCH_PATHS = (
					"$(inherited)",
					"@executable_path/Frameworks",
				);
				PRODUCT_BUNDLE_IDENTIFIER = com.katelin.chan.ParseChat;
				PRODUCT_NAME = "$(TARGET_NAME)";
				TARGETED_DEVICE_FAMILY = "1,2";
			};
			name = Debug;
		};
		F9EA3AC522D659B500C8C884 /* Release */ = {
			isa = XCBuildConfiguration;
			baseConfigurationReference = 16049613979D942817B7F555 /* Pods-ParseChat.release.xcconfig */;
			buildSettings = {
				ASSETCATALOG_COMPILER_APPICON_NAME = AppIcon;
				CODE_SIGN_STYLE = Automatic;
				DEVELOPMENT_TEAM = 4XDFC548L2;
				INFOPLIST_FILE = ParseChat/Info.plist;
				LD_RUNPATH_SEARCH_PATHS = (
					"$(inherited)",
					"@executable_path/Frameworks",
				);
				PRODUCT_BUNDLE_IDENTIFIER = com.katelin.chan.ParseChat;
				PRODUCT_NAME = "$(TARGET_NAME)";
				TARGETED_DEVICE_FAMILY = "1,2";
			};
			name = Release;
		};
		F9EA3AC722D659B500C8C884 /* Debug */ = {
			isa = XCBuildConfiguration;
			baseConfigurationReference = 847BA9400F731A328B311396 /* Pods-ParseChatTests.debug.xcconfig */;
			buildSettings = {
				BUNDLE_LOADER = "$(TEST_HOST)";
				CODE_SIGN_STYLE = Automatic;
				DEVELOPMENT_TEAM = 4XDFC548L2;
				INFOPLIST_FILE = ParseChatTests/Info.plist;
				LD_RUNPATH_SEARCH_PATHS = (
					"$(inherited)",
					"@executable_path/Frameworks",
					"@loader_path/Frameworks",
				);
				PRODUCT_BUNDLE_IDENTIFIER = com.katelin.chan.ParseChatTests;
				PRODUCT_NAME = "$(TARGET_NAME)";
				TARGETED_DEVICE_FAMILY = "1,2";
				TEST_HOST = "$(BUILT_PRODUCTS_DIR)/ParseChat.app/ParseChat";
			};
			name = Debug;
		};
		F9EA3AC822D659B500C8C884 /* Release */ = {
			isa = XCBuildConfiguration;
			baseConfigurationReference = 7D0F09AA6AA6B59C4014B859 /* Pods-ParseChatTests.release.xcconfig */;
			buildSettings = {
				BUNDLE_LOADER = "$(TEST_HOST)";
				CODE_SIGN_STYLE = Automatic;
				DEVELOPMENT_TEAM = 4XDFC548L2;
				INFOPLIST_FILE = ParseChatTests/Info.plist;
				LD_RUNPATH_SEARCH_PATHS = (
					"$(inherited)",
					"@executable_path/Frameworks",
					"@loader_path/Frameworks",
				);
				PRODUCT_BUNDLE_IDENTIFIER = com.katelin.chan.ParseChatTests;
				PRODUCT_NAME = "$(TARGET_NAME)";
				TARGETED_DEVICE_FAMILY = "1,2";
				TEST_HOST = "$(BUILT_PRODUCTS_DIR)/ParseChat.app/ParseChat";
			};
			name = Release;
		};
		F9EA3ACA22D659B500C8C884 /* Debug */ = {
			isa = XCBuildConfiguration;
			baseConfigurationReference = 57939BADB1691270DDBEAF3A /* Pods-ParseChatUITests.debug.xcconfig */;
			buildSettings = {
				CODE_SIGN_STYLE = Automatic;
				DEVELOPMENT_TEAM = 4XDFC548L2;
				INFOPLIST_FILE = ParseChatUITests/Info.plist;
				LD_RUNPATH_SEARCH_PATHS = (
					"$(inherited)",
					"@executable_path/Frameworks",
					"@loader_path/Frameworks",
				);
				PRODUCT_BUNDLE_IDENTIFIER = com.katelin.chan.ParseChatUITests;
				PRODUCT_NAME = "$(TARGET_NAME)";
				TARGETED_DEVICE_FAMILY = "1,2";
				TEST_TARGET_NAME = ParseChat;
			};
			name = Debug;
		};
		F9EA3ACB22D659B500C8C884 /* Release */ = {
			isa = XCBuildConfiguration;
			baseConfigurationReference = 95678611E950A2D76ACA3A51 /* Pods-ParseChatUITests.release.xcconfig */;
			buildSettings = {
				CODE_SIGN_STYLE = Automatic;
				DEVELOPMENT_TEAM = 4XDFC548L2;
				INFOPLIST_FILE = ParseChatUITests/Info.plist;
				LD_RUNPATH_SEARCH_PATHS = (
					"$(inherited)",
					"@executable_path/Frameworks",
					"@loader_path/Frameworks",
				);
				PRODUCT_BUNDLE_IDENTIFIER = com.katelin.chan.ParseChatUITests;
				PRODUCT_NAME = "$(TARGET_NAME)";
				TARGETED_DEVICE_FAMILY = "1,2";
				TEST_TARGET_NAME = ParseChat;
			};
			name = Release;
		};
/* End XCBuildConfiguration section */

/* Begin XCConfigurationList section */
		F9EA3A9222D659B400C8C884 /* Build configuration list for PBXProject "ParseChat" */ = {
			isa = XCConfigurationList;
			buildConfigurations = (
				F9EA3AC122D659B500C8C884 /* Debug */,
				F9EA3AC222D659B500C8C884 /* Release */,
			);
			defaultConfigurationIsVisible = 0;
			defaultConfigurationName = Release;
		};
		F9EA3AC322D659B500C8C884 /* Build configuration list for PBXNativeTarget "ParseChat" */ = {
			isa = XCConfigurationList;
			buildConfigurations = (
				F9EA3AC422D659B500C8C884 /* Debug */,
				F9EA3AC522D659B500C8C884 /* Release */,
			);
			defaultConfigurationIsVisible = 0;
			defaultConfigurationName = Release;
		};
		F9EA3AC622D659B500C8C884 /* Build configuration list for PBXNativeTarget "ParseChatTests" */ = {
			isa = XCConfigurationList;
			buildConfigurations = (
				F9EA3AC722D659B500C8C884 /* Debug */,
				F9EA3AC822D659B500C8C884 /* Release */,
			);
			defaultConfigurationIsVisible = 0;
			defaultConfigurationName = Release;
		};
		F9EA3AC922D659B500C8C884 /* Build configuration list for PBXNativeTarget "ParseChatUITests" */ = {
			isa = XCConfigurationList;
			buildConfigurations = (
				F9EA3ACA22D659B500C8C884 /* Debug */,
				F9EA3ACB22D659B500C8C884 /* Release */,
			);
			defaultConfigurationIsVisible = 0;
			defaultConfigurationName = Release;
		};
/* End XCConfigurationList section */
	};
	rootObject = F9EA3A8F22D659B400C8C884 /* Project object */;
}
